FORGE
  remote: https://forgeapi.puppetlabs.com
  specs:
    adrien-alternatives (0.3.0)
    puppetlabs-apache (1.4.1)
      puppetlabs-concat (< 2.0.0, >= 1.1.1)
      puppetlabs-stdlib (< 5.0.0, >= 2.4.0)
    puppetlabs-apt (1.8.0)
      puppetlabs-stdlib (>= 2.2.1)
    puppetlabs-concat (1.2.3)
      puppetlabs-stdlib (< 5.0.0, >= 3.2.0)
    puppetlabs-stdlib (4.6.0)
    puppetlabs-vcsrepo (1.2.0)
    puppetlabs-xinetd (1.5.0)
      puppetlabs-stdlib (>= 2.2.1)

GIT
  remote: https://github.com/Katello/puppet-candlepin
  ref: master
  sha: c10d17bdb8590e18627012c3dcf4a136a3e45924
  specs:
    katello-candlepin (0.1.0)
      puppetlabs-concat (>= 1.1.1)
      puppetlabs-postgresql (>= 3.0.0)
      puppetlabs-stdlib (>= 1.0.0)
      theforeman-concat_native (>= 1.3.0)
      theforeman-foreman (>= 1.5.0)

GIT
  remote: https://github.com/Katello/puppet-capsule
  ref: master
  sha: 4a385f05a54c41ca42aaf845e94b9bf9f4f7c153
  specs:
    katello-capsule (0.2.0)
      katello-certs (>= 0.1.0)
      katello-common (>= 0.0.1)
      katello-crane (>= 0.1.0)
      katello-qpid (>= 1.0.0)
      puppetlabs-apache (< 2.0.0, >= 1.0.0)
      puppetlabs-mongodb (>= 0)
      puppetlabs-stdlib (>= 1.0.0)
      puppetlabs-xinetd (>= 1.3.1)
      theforeman-foreman (>= 2.3.0)
      theforeman-foreman_proxy (>= 2.2.0)

GIT
  remote: https://github.com/Katello/puppet-certs
  ref: master
  sha: 41e215757cf2a88dc03eaff51a6f0a860c814aae
  specs:
    katello-certs (0.1.0)
      katello-common (>= 0.0.1)
      puppetlabs-stdlib (>= 1.0.0)
      theforeman-foreman (>= 2.0.0)

GIT
  remote: https://github.com/Katello/puppet-common
  ref: master
  sha: 9735bddfe6d80382cf0bfbf4b5f47cad61fc04b4
  specs:
    katello-common (0.0.1)

GIT
  remote: https://github.com/Katello/puppet-crane
  ref: master
  sha: 96ed1b23d9b44fd3492025872662226c41516a9d
  specs:
    katello-crane (0.1.0)
      katello-certs (>= 0.1.0)
      katello-common (>= 0.0.1)
      puppetlabs-apache (< 2.0.0, >= 1.0.0)
      puppetlabs-stdlib (>= 1.0.0)

GIT
  remote: https://github.com/Katello/puppet-elasticsearch
  ref: master
  sha: 0b808851dccd5ed3f4aa66d15f747b7a49427807
  specs:
    katello-elasticsearch (0.0.1)

GIT
  remote: https://github.com/Katello/puppet-gutterball
  ref: master
  sha: eb15f1d5c70bbdac2f0a224f91aca5e6d920d51d
  specs:
    katello-gutterball (0.1.0)
      puppetlabs-concat (>= 1.1.1)
      puppetlabs-postgresql (>= 3.0.0)
      puppetlabs-stdlib (>= 1.0.0)
      theforeman-concat_native (>= 1.3.0)
      theforeman-foreman (>= 1.5.0)

GIT
  remote: https://github.com/Katello/puppet-katello
  ref: master
  sha: fac42b1cfc4effadbdc5c22c6c684698b5a43e53
  specs:
    katello-katello (0.1.0)
      katello-candlepin (>= 0.1.0)
      katello-certs (>= 0.1.0)
      katello-common (>= 0.0.1)
      katello-elasticsearch (>= 0.0.1)
      katello-gutterball (>= 0.1.0)
      katello-pulp (>= 0.1.0)
      katello-qpid (>= 0.1.0)
      puppetlabs-apache (< 2.0.0, >= 1.0.0)
      puppetlabs-mongodb (>= 0)
      puppetlabs-postgresql (>= 3.0.0)
      puppetlabs-stdlib (>= 1.0.0)
      puppetlabs-xinetd (>= 1.3.1)
      theforeman-concat_native (>= 1.3.1)
      theforeman-foreman (>= 1.5.0)

GIT
  remote: https://github.com/Katello/puppet-katello_devel
  ref: master
  sha: dba9b39a5527d52dfa84d2e87ffa47ce9092947f
  specs:
    katello-katello_devel (0.1.0)
      katello-candlepin (>= 0.1.0)
      katello-certs (>= 0.1.0)
      katello-common (>= 0.0.1)
      katello-crane (>= 0.1.0)
      katello-elasticsearch (>= 0.0.1)
      katello-katello (>= 0.1.0)
      katello-pulp (>= 0.1.0)
      katello-qpid (>= 0.1.0)
      puppetlabs-apache (< 2.0.0, >= 1.0.0)
      puppetlabs-mongodb (>= 0)
      puppetlabs-postgresql (>= 3.0.0)
      puppetlabs-stdlib (>= 1.0.0)
      puppetlabs-vcsrepo (>= 0)
      theforeman-concat_native (>= 1.3.1)
      theforeman-foreman (>= 1.5.0)

GIT
  remote: https://github.com/Katello/puppet-pulp
  ref: 0.1-stable
  sha: d9538cf5242cffc295880120ec06cbe8db324a0d
  specs:
    katello-pulp (0.1.1)
      katello-qpid (>= 0.1.0)
      puppetlabs-apache (< 2.0.0, >= 1.2.0)
      puppetlabs-mongodb (>= 0)
      puppetlabs-stdlib (>= 1.0.0)
      theforeman-concat_native (>= 1.3.0)
      theforeman-foreman (>= 1.5.0)

GIT
  remote: https://github.com/Katello/puppet-qpid
  ref: master
  sha: 866bc0e55536b4dc260108500bdd90b1038fa003
  specs:
    katello-qpid (1.0.1)
      puppetlabs-stdlib (< 5.0.0, >= 3.0.0)
      theforeman-concat_native (< 2.0.0, >= 1.3.0)

GIT
  remote: https://github.com/Katello/puppet-service_wait
  ref: master
  sha: cdb706d767174aa2c225a793f68790cfe477bcf9
  specs:
    katello-service_wait (0.0.1)

GIT
  remote: https://github.com/puppetlabs/puppetlabs-firewall
  ref: 1.0.0
  sha: 97897badae934f9510709a95c94e23b691d005eb
  specs:
    puppetlabs-firewall (1.0.0)
      puppetlabs-stdlib (>= 2.2.1)

GIT
  remote: https://github.com/puppetlabs/puppetlabs-mongodb
  ref: master
  sha: 030100a176a72a32e265b77790d8d15407a13729
  specs:
    puppetlabs-mongodb (0.10.0)
      puppetlabs-apt (< 2.0.0, >= 1.0.0)
      puppetlabs-stdlib (< 5.0.0, >= 2.2.0)

GIT
  remote: https://github.com/puppetlabs/puppetlabs-mysql
  ref: 2.2.0
  sha: 1bc459d05bb43c5937fae6e65b7c77659432c76b
  specs:
    puppetlabs-mysql (2.2.0)
      puppetlabs-stdlib (>= 2.2.1)

GIT
  remote: https://github.com/puppetlabs/puppetlabs-postgresql
  ref: master
  sha: 3f6f040e1cff84f08344abf57e4ccca27e08006f
  specs:
    puppetlabs-postgresql (4.3.0)
      puppetlabs-apt (< 2.0.0, >= 1.8.0)
      puppetlabs-concat (< 3.0.0, >= 1.1.0)
      puppetlabs-stdlib (~> 4.0)

GIT
  remote: https://github.com/theforeman/puppet-concat
  ref: master
  sha: d480ad36000180dd3a1912c225afa90aaa781b17
  specs:
    theforeman-concat_native (1.5.1)

GIT
  remote: https://github.com/theforeman/puppet-dhcp
  ref: master
  sha: 295caaf8d06fe504d0c842b809977bd0c5516d60
  specs:
    theforeman-dhcp (1.6.1)
      puppetlabs-concat (< 3.0.0, >= 1.0.0)

GIT
  remote: https://github.com/theforeman/puppet-dns
  ref: 43bec3167ada475ed374a8d3db0c13164697129b
  sha: 43bec3167ada475ed374a8d3db0c13164697129b
  specs:
    theforeman-dns (1.4.0)
      theforeman-concat_native (>= 1.3.0)

GIT
  remote: https://github.com/theforeman/puppet-foreman
  ref: master
  sha: c5cfb238477d85a3b80e036aa13a3730d8c4df3b
  specs:
    theforeman-foreman (3.0.1)
      adrien-alternatives (< 1.0.0, >= 0.3.0)
      puppetlabs-apache (< 2.0.0, >= 1.2.0)
      puppetlabs-apt (< 2.0.0)
      puppetlabs-concat (< 3.0.0, >= 1.0.0)
      puppetlabs-postgresql (< 5.0.0, >= 3.0.0)
      puppetlabs-stdlib (< 5.0.0, >= 4.2.0)
      theforeman-tftp (< 2.0.0, >= 1.4.0)

GIT
  remote: https://github.com/theforeman/puppet-foreman_proxy
  ref: master
  sha: 0409916c877e5eedc10ab85ac1e7e77864d4444e
  specs:
    theforeman-foreman_proxy (2.2.3)
      puppetlabs-stdlib (< 5.0.0, >= 2.6.0)
      theforeman-dhcp (< 2.0.0, >= 1.3.0)
      theforeman-dns (< 3.0.0, >= 1.3.0)
      theforeman-foreman (< 4.0.0, >= 1.3.0)
      theforeman-puppet (< 4.0.0, >= 3.0.0)
      theforeman-tftp (< 2.0.0, >= 1.3.0)

GIT
  remote: https://github.com/theforeman/puppet-git
  ref: master
  sha: f88a629b3d81a2ae97a2946b5da8bacaef89d845
  specs:
    theforeman-git (1.4.2)

GIT
  remote: https://github.com/theforeman/puppet-puppet
  ref: master
  sha: 3a8ae6f77fcea32f0108afd1ac415210a862cf9b
  specs:
    theforeman-puppet (3.0.1)
      puppetlabs-apache (< 2.0.0, >= 1.2.0)
      puppetlabs-concat (< 3.0.0, >= 1.0.0)
      puppetlabs-stdlib (< 5.0.0, >= 2.0.0)

GIT
  remote: https://github.com/theforeman/puppet-tftp
  ref: master
  sha: 60fe474548f06927f89de20266732531f555e2f5
  specs:
    theforeman-tftp (1.5.2)
      puppetlabs-stdlib (< 5.0.0, >= 2.3.0)
      puppetlabs-xinetd (< 2.0.0, >= 1.1.0)

DEPENDENCIES
  katello-candlepin (>= 0)
  katello-capsule (>= 0)
  katello-certs (>= 0)
  katello-common (>= 0)
  katello-crane (>= 0)
  katello-elasticsearch (>= 0)
  katello-gutterball (>= 0)
  katello-katello (>= 0)
  katello-katello_devel (>= 0)
  katello-pulp (>= 0)
  katello-qpid (>= 0)
  katello-service_wait (>= 0)
  puppetlabs-apache (>= 0)
  puppetlabs-firewall (>= 0)
  puppetlabs-mongodb (>= 0)
  puppetlabs-mysql (>= 0)
  puppetlabs-postgresql (>= 0)
  puppetlabs-vcsrepo (>= 0)
  theforeman-concat_native (>= 0)
  theforeman-dhcp (>= 0)
  theforeman-dns (>= 0)
  theforeman-foreman (>= 0)
  theforeman-foreman_proxy (>= 0)
  theforeman-git (>= 0)
  theforeman-puppet (>= 0)
  theforeman-tftp (>= 0)

