FORGE
  remote: http://forge.puppetlabs.com
  specs:
    puppetlabs/apache (1.0.1)
      puppetlabs/concat (>= 1.0.0)
      puppetlabs/stdlib (>= 2.4.0)
    puppetlabs/apt (1.4.2)
      puppetlabs/stdlib (>= 2.2.1)
    puppetlabs/concat (1.1.0-rc1)
      puppetlabs/stdlib (>= 3.0.0)
    puppetlabs/postgresql (3.3.3)
      puppetlabs/apt (< 2.0.0, >= 1.1.0)
      puppetlabs/concat (< 2.0.0, >= 1.0.0)
      puppetlabs/firewall (>= 0.0.4)
      puppetlabs/stdlib (< 5.0.0, >= 3.2.0)
    puppetlabs/stdlib (4.1.0)

GIT
  remote: https://github.com/Katello/puppet-candlepin
  ref: master
  sha: 7ee0194b6b0471e698f620042e44745f4c2539d3
  specs:
    katello/candlepin (0.0.1)

GIT
  remote: https://github.com/Katello/puppet-capsule
  ref: master
  sha: d5278fb0c17acb5eb63cd01cf1f64c6ff34d4b85
  specs:
    katello/capsule (0.0.1)

GIT
  remote: https://github.com/Katello/puppet-certs
  ref: master
  sha: 8fc2804245b427463cee3b948edf96341ecf7f88
  specs:
    katello/certs (0.0.1)

GIT
  remote: https://github.com/Katello/puppet-common
  ref: master
  sha: f9b878161823baa6350b76dbb1f439f42908238f
  specs:
    katello/common (0.0.1)

GIT
  remote: https://github.com/Katello/puppet-elasticsearch
  ref: master
  sha: cbd8b6b8110c1f0d47b60873712312c2569be17c
  specs:
    katello/elasticsearch (0.0.1)

GIT
  remote: https://github.com/Katello/puppet-katello
  ref: master
  sha: 844c9d13e43fe9a4376bbadb3dedef566627a197
  specs:
    katello/katello (0.0.1)

GIT
  remote: https://github.com/Katello/puppet-pulp
  ref: master
  sha: b1051cda841a8daabbf2c49e3dde41b2c528870f
  specs:
    katello/pulp (0.0.1)

GIT
  remote: https://github.com/Katello/puppet-qpid
  ref: master
  sha: b39fa9de139c4c28ce5ffda7ac8c941bc3863ace
  specs:
    katello/qpid (0.0.1)

GIT
  remote: https://github.com/Katello/puppet-service_wait
  ref: master
  sha: 83cc88b676d1808a55cdbed70103a3719fb74d0b
  specs:
    katello/service_wait (0.0.1)

GIT
  remote: https://github.com/puppetlabs/puppetlabs-firewall
  ref: 1.0.0
  sha: 97897badae934f9510709a95c94e23b691d005eb
  specs:
    puppetlabs/firewall (1.0.0)

GIT
  remote: https://github.com/puppetlabs/puppetlabs-mongodb
  ref: master
  sha: 7371ec8988a4abc0c70780fd119ad94e9d015348
  specs:
    puppetlabs/mongodb (0.7.0)
      puppetlabs/apt (>= 1.0.0)
      puppetlabs/stdlib (>= 2.2.0)

GIT
  remote: https://github.com/puppetlabs/puppetlabs-mysql
  ref: 2.2.0
  sha: 1bc459d05bb43c5937fae6e65b7c77659432c76b
  specs:
    puppetlabs/mysql (2.2.0)
      puppetlabs/stdlib (>= 3.2.0)

GIT
  remote: https://github.com/puppetlabs/puppetlabs-xinetd
  ref: master
  sha: 45acf010700044f806ddbd141afa03f8ebbc1881
  specs:
    puppetlabs/xinetd (1.2.0)
      puppetlabs/stdlib (>= 2.2.1)

GIT
  remote: https://github.com/theforeman/puppet-concat
  ref: master
  sha: 517fdffbd3793e79b431635a8f1b3897e5498566
  specs:
    theforeman/concat_native (1.3.0)

GIT
  remote: https://github.com/theforeman/puppet-dhcp
  ref: master
  sha: 3ecc8b2d4e924aab8cff983eb87f739b51459f4f
  specs:
    theforeman/dhcp (1.3.1)
      theforeman/concat_native (>= 1.3.0)

GIT
  remote: https://github.com/theforeman/puppet-dns
  ref: master
  sha: 06f8dec8f257f7d92336a28e573b8c7729dccd72
  specs:
    theforeman/dns (1.4.0)
      theforeman/concat_native (>= 1.3.0)

GIT
  remote: https://github.com/theforeman/puppet-foreman
  ref: master
  sha: 12aa4ab590028e3f3e01b253190e3c92c475b0c3
  specs:
    theforeman/foreman (2.0.1)
      puppetlabs/apache (~> 1.0)
      puppetlabs/postgresql (>= 3.0.0)
      puppetlabs/stdlib (>= 2.0.0)
      theforeman/concat_native (>= 1.3.0)

GIT
  remote: https://github.com/theforeman/puppet-foreman_proxy
  ref: master
  sha: 13d061e6d16a0620a45299472d62062b1a3e470a
  specs:
    theforeman/foreman_proxy (1.4.0)
      puppetlabs/stdlib (>= 2.0.0)
      theforeman/dhcp (>= 1.3.0)
      theforeman/dns (>= 1.3.0)
      theforeman/foreman (>= 1.3.0)
      theforeman/puppet (>= 1.3.0)
      theforeman/tftp (>= 1.3.0)

GIT
  remote: https://github.com/theforeman/puppet-git
  ref: master
  sha: 0ff5eb535369c61f484d50317c9ba6d7505e308e
  specs:
    theforeman/git (1.3.0)

GIT
  remote: https://github.com/theforeman/puppet-puppet
  ref: master
  sha: c8e1f3b6f26ad774ab71d7cd211255df9a382ad6
  specs:
    theforeman/puppet (2.0.0)
      puppetlabs/apache (~> 1.0)
      puppetlabs/stdlib (>= 2.0.0)
      theforeman/concat_native (>= 1.3.0)
      theforeman/git (>= 1.3.0)

GIT
  remote: https://github.com/theforeman/puppet-tftp
  ref: master
  sha: 57cb5004d4c79125def1639384e4d66c271b0e04
  specs:
    theforeman/tftp (1.4.0)
      puppetlabs/xinetd (~> 1.1)

DEPENDENCIES
  katello/candlepin (>= 0)
  katello/capsule (>= 0)
  katello/certs (>= 0)
  katello/common (>= 0)
  katello/elasticsearch (>= 0)
  katello/katello (>= 0)
  katello/pulp (>= 0)
  katello/qpid (>= 0)
  katello/service_wait (>= 0)
  puppetlabs/firewall (>= 0)
  puppetlabs/mongodb (>= 0)
  puppetlabs/mysql (>= 0)
  puppetlabs/xinetd (>= 0)
  theforeman/concat_native (>= 0)
  theforeman/dhcp (>= 0)
  theforeman/dns (>= 0)
  theforeman/foreman (>= 0)
  theforeman/foreman_proxy (>= 0)
  theforeman/git (>= 0)
  theforeman/puppet (>= 0)
  theforeman/tftp (>= 0)

