FORGE
  remote: https://forgeapi.puppetlabs.com
  specs:
    puppetlabs/apache (1.0.1)
      puppetlabs/concat (>= 1.0.0)
      puppetlabs/stdlib (>= 2.4.0)
    puppetlabs/apt (1.5.0)
      puppetlabs/stdlib (>= 2.2.1)
    puppetlabs/concat (1.1.0)
      puppetlabs/stdlib (>= 4.0.0)
    puppetlabs/stdlib (4.2.2)
    puppetlabs/vcsrepo (1.0.1)
    puppetlabs/xinetd (1.3.0)
      puppetlabs/stdlib (>= 2.2.1)

GIT
  remote: https://github.com/Katello/puppet-candlepin
  ref: master
  sha: e940ba26f8d3b17028a58ac82041617633ae146e
  specs:
    katello/candlepin (0.0.1)

GIT
  remote: https://github.com/Katello/puppet-capsule
  ref: master
  sha: 949e9757bb50ed3044004f4a6f13465855d9c02d
  specs:
    katello/capsule (0.0.1)

GIT
  remote: https://github.com/Katello/puppet-certs
  ref: master
  sha: 9df11c2e07eea8d73145b01c4c8abd8734a65b61
  specs:
    katello/certs (0.0.1)

GIT
  remote: https://github.com/Katello/puppet-common
  ref: master
  sha: f9b878161823baa6350b76dbb1f439f42908238f
  specs:
    katello/common (0.0.1)

GIT
  remote: https://github.com/Katello/puppet-elasticsearch
  ref: master
  sha: 4e2bfa4aba259a7abd93540a3c84aca929f97c64
  specs:
    katello/elasticsearch (0.0.1)

GIT
  remote: https://github.com/Katello/puppet-katello
  ref: master
  sha: bbbeacb14d229326be64d4dcb44b1ec816129bc0
  specs:
    katello/katello (0.0.1)

GIT
  remote: https://github.com/Katello/puppet-katello_devel
  ref: master
  sha: c93eb2640de0533baadb6404d31c8f9d167571b1
  specs:
    katello/katello_devel (0.0.1)
      puppetlabs/vcsrepo (>= 0.2.0)

GIT
  remote: https://github.com/Katello/puppet-pulp
  ref: master
  sha: df6e3f2f5daf75bc194afc9e11cbb2ce92aafce5
  specs:
    katello/pulp (0.0.1)

GIT
  remote: https://github.com/Katello/puppet-qpid
  ref: master
  sha: c4f2a445e7bdfd188896ce40e1fe6fdb17717b27
  specs:
    katello/qpid (0.0.1)

GIT
  remote: https://github.com/Katello/puppet-service_wait
  ref: master
  sha: 83cc88b676d1808a55cdbed70103a3719fb74d0b
  specs:
    katello/service_wait (0.0.1)

GIT
  remote: https://github.com/puppetlabs/puppetlabs-firewall
  ref: 1.0.0
  sha: 97897badae934f9510709a95c94e23b691d005eb
  specs:
    puppetlabs/firewall (1.0.0)

GIT
  remote: https://github.com/puppetlabs/puppetlabs-mongodb
  ref: master
  sha: 25fd691bf7350033af0314fd00019b6842854c95
  specs:
    puppetlabs/mongodb (0.8.0)
      puppetlabs/apt (>= 1.0.0)
      puppetlabs/stdlib (>= 2.2.0)

GIT
  remote: https://github.com/puppetlabs/puppetlabs-mysql
  ref: 2.2.0
  sha: 1bc459d05bb43c5937fae6e65b7c77659432c76b
  specs:
    puppetlabs/mysql (2.2.0)
      puppetlabs/stdlib (>= 3.2.0)

GIT
  remote: https://github.com/puppetlabs/puppetlabs-postgresql
  ref: master
  sha: 5d4ecb1b04c908fdc274c14e0e93276c8b132d2e
  specs:
    puppetlabs/postgresql (3.3.3)
      puppetlabs/apt (< 2.0.0, >= 1.1.0)
      puppetlabs/concat (< 2.0.0, >= 1.0.0)
      puppetlabs/firewall (>= 0.0.4)
      puppetlabs/stdlib (< 5.0.0, >= 3.2.0)

GIT
  remote: https://github.com/theforeman/puppet-concat
  ref: master
  sha: 39c18c4ca9e30f0c2628ad02103860d2991d82fb
  specs:
    theforeman/concat_native (1.3.1)

GIT
  remote: https://github.com/theforeman/puppet-dhcp
  ref: master
  sha: ac5b79c73b7bd58fff96d71b65ae5cee294f9ecf
  specs:
    theforeman/dhcp (1.3.1)
      theforeman/concat_native (>= 1.3.0)

GIT
  remote: https://github.com/theforeman/puppet-dns
  ref: master
  sha: 0f8b5245ddd9fa14d422bcd459f5fee1638e31ef
  specs:
    theforeman/dns (1.4.0)
      theforeman/concat_native (>= 1.3.0)

GIT
  remote: https://github.com/theforeman/puppet-foreman
  ref: master
  sha: eea5c3b701a0758b0bdef90e8371f03886e48cff
  specs:
    theforeman/foreman (2.1.2)
      puppetlabs/apache (< 2.0.0, >= 1.0.0)
      puppetlabs/postgresql (>= 3.0.0)
      puppetlabs/stdlib (>= 2.0.0)
      theforeman/concat_native (>= 1.3.0)
      theforeman/tftp (>= 1.4.0)

GIT
  remote: https://github.com/theforeman/puppet-foreman_proxy
  ref: master
  sha: c4f150e7e7a705e32bc564289c3477e0c5bb1377
  specs:
    theforeman/foreman_proxy (1.6.1)
      puppetlabs/stdlib (>= 2.3.0)
      theforeman/dhcp (>= 1.3.0)
      theforeman/dns (>= 1.3.0)
      theforeman/foreman (>= 1.3.0)
      theforeman/puppet (>= 1.3.0)
      theforeman/tftp (>= 1.3.0)

GIT
  remote: https://github.com/theforeman/puppet-git
  ref: master
  sha: cd37f4ce44c37689e54ff966ff42ddbe722f52eb
  specs:
    theforeman/git (1.3.1)

GIT
  remote: https://github.com/theforeman/puppet-puppet
  ref: master
  sha: 6cab2ac62864acf063580afe6c1765e3297770a6
  specs:
    theforeman/puppet (2.1.2)
      puppetlabs/apache (< 2.0.0, >= 1.0.0)
      puppetlabs/stdlib (>= 2.0.0)
      theforeman/concat_native (>= 1.3.0)
      theforeman/foreman (>= 1.3.0)
      theforeman/git (>= 1.3.0)

GIT
  remote: https://github.com/theforeman/puppet-tftp
  ref: master
  sha: c8bc8ea6bd4911dc76e5beaa0805cc6554038335
  specs:
    theforeman/tftp (1.4.2)
      puppetlabs/xinetd (< 2.0.0, >= 1.1.0)

DEPENDENCIES
  katello/candlepin (>= 0)
  katello/capsule (>= 0)
  katello/certs (>= 0)
  katello/common (>= 0)
  katello/elasticsearch (>= 0)
  katello/katello (>= 0)
  katello/katello_devel (>= 0)
  katello/pulp (>= 0)
  katello/qpid (>= 0)
  katello/service_wait (>= 0)
  puppetlabs/firewall (>= 0)
  puppetlabs/mongodb (>= 0)
  puppetlabs/mysql (>= 0)
  puppetlabs/postgresql (>= 0)
  theforeman/concat_native (>= 0)
  theforeman/dhcp (>= 0)
  theforeman/dns (>= 0)
  theforeman/foreman (>= 0)
  theforeman/foreman_proxy (>= 0)
  theforeman/git (>= 0)
  theforeman/puppet (>= 0)
  theforeman/tftp (>= 0)

